
Microsoft Visual Studio Solution File, Format Version 12.00
# Visual Studio Version 16
VisualStudioVersion = 16.0.30717.126
MinimumVisualStudioVersion = 10.0.40219.1
Project("{9A19103F-16F7-4668-BE54-9A1E7A4F7556}") = "SAMI-SIKON", "SAMI-SIKON\SAMI-SIKON.csproj", "{6BF89975-624E-4330-A4E5-754731EB4B30}"
EndProject
Project("{FAE04EC0-301F-11D3-BF4B-00C04F79EFBC}") = "SAMI-Testing", "SAMI-SIKON\SAMI-Testing\SAMI-Testing.csproj", "{67813C35-A0A3-42E9-883F-5B0245E3C22C}"
EndProject
Global
	GlobalSection(SolutionConfigurationPlatforms) = preSolution
		Debug|Any CPU = Debug|Any CPU
		Release|Any CPU = Release|Any CPU
	EndGlobalSection
	GlobalSection(ProjectConfigurationPlatforms) = postSolution
		{6BF89975-624E-4330-A4E5-754731EB4B30}.Debug|Any CPU.ActiveCfg = Debug|Any CPU
		{6BF89975-624E-4330-A4E5-754731EB4B30}.Debug|Any CPU.Build.0 = Debug|Any CPU
		{6BF89975-624E-4330-A4E5-754731EB4B30}.Release|Any CPU.ActiveCfg = Release|Any CPU
		{6BF89975-624E-4330-A4E5-754731EB4B30}.Release|Any CPU.Build.0 = Release|Any CPU
		{67813C35-A0A3-42E9-883F-5B0245E3C22C}.Debug|Any CPU.ActiveCfg = Debug|Any CPU
		{67813C35-A0A3-42E9-883F-5B0245E3C22C}.Debug|Any CPU.Build.0 = Debug|Any CPU
		{67813C35-A0A3-42E9-883F-5B0245E3C22C}.Release|Any CPU.ActiveCfg = Release|Any CPU
		{67813C35-A0A3-42E9-883F-5B0245E3C22C}.Release|Any CPU.Build.0 = Release|Any CPU
	EndGlobalSection
	GlobalSection(SolutionProperties) = preSolution
		HideSolutionNode = FALSE
	EndGlobalSection
	GlobalSection(ExtensibilityGlobals) = postSolution
		SolutionGuid = {D8313EF6-837E-4414-A190-33595D25C4A0}
	EndGlobalSection
EndGlobal
